
Microsoft Visual Studio Solution File, Format Version 12.00
# Visual Studio Version 17
VisualStudioVersion = 17.1.32319.34
MinimumVisualStudioVersion = 10.0.40219.1
Project("{888888A0-9F3D-457C-B088-3A5042F75D52}") = "metadata", "metadata\metadata.pyproj", "{417D8BB6-F048-489E-8EF8-D7BB4DD6E7D5}"
EndProject
Global
	GlobalSection(SolutionConfigurationPlatforms) = preSolution
		Debug|Any CPU = Debug|Any CPU
		Release|Any CPU = Release|Any CPU
	EndGlobalSection
	GlobalSection(ProjectConfigurationPlatforms) = postSolution
		{417D8BB6-F048-489E-8EF8-D7BB4DD6E7D5}.Debug|Any CPU.ActiveCfg = Debug|Any CPU
		{417D8BB6-F048-489E-8EF8-D7BB4DD6E7D5}.Debug|Any CPU.Build.0 = Debug|Any CPU
		{417D8BB6-F048-489E-8EF8-D7BB4DD6E7D5}.Release|Any CPU.ActiveCfg = Release|Any CPU
		{417D8BB6-F048-489E-8EF8-D7BB4DD6E7D5}.Release|Any CPU.Build.0 = Release|Any CPU
	EndGlobalSection
	GlobalSection(SolutionProperties) = preSolution
		HideSolutionNode = FALSE
	EndGlobalSection
	GlobalSection(ExtensibilityGlobals) = postSolution
		SolutionGuid = {9D296008-6690-4B27-AC88-2CF39A7C8104}
	EndGlobalSection
EndGlobal
